// !$*UTF8*$!
{
	archiveVersion = 1;
	classes = {
	};
	objectVersion = 46;
	objects = {

/* Begin PBXBuildFile section */
		802108B8E372E352EFB89D4B /* libPods-TwitterTrendsClient.a in Frameworks */ = {isa = PBXBuildFile; fileRef = 125066A14BA1A08AD1B122AE /* libPods-TwitterTrendsClient.a */; };
		C820D9F11E413DF700A19AD4 /* TrendCell.xib in Resources */ = {isa = PBXBuildFile; fileRef = C820D9F01E413DF700A19AD4 /* TrendCell.xib */; };
		C85DFB171E39AEE10097C18B /* TweetCell.swift in Sources */ = {isa = PBXBuildFile; fileRef = C85DFB161E39AEE10097C18B /* TweetCell.swift */; };
		C870A9C11E396BF300683EDA /* TrendCell.swift in Sources */ = {isa = PBXBuildFile; fileRef = C870A9C01E396BF300683EDA /* TrendCell.swift */; };
		C870A9C51E39A4C800683EDA /* Tweet.swift in Sources */ = {isa = PBXBuildFile; fileRef = C870A9C41E39A4C800683EDA /* Tweet.swift */; };
		C870A9CA1E39A98100683EDA /* TweetsController.swift in Sources */ = {isa = PBXBuildFile; fileRef = C870A9C91E39A98100683EDA /* TweetsController.swift */; };
		C8877EB81FD297CE00B99E99 /* Trend.swift in Sources */ = {isa = PBXBuildFile; fileRef = C8877EB71FD297CD00B99E99 /* Trend.swift */; };
		C8877EBC1FD2A84E00B99E99 /* SegmentedHeaderView.swift in Sources */ = {isa = PBXBuildFile; fileRef = C8877EBB1FD2A84E00B99E99 /* SegmentedHeaderView.swift */; };
		C8877EBE1FD2A91600B99E99 /* SegmentedHeaderView.xib in Resources */ = {isa = PBXBuildFile; fileRef = C8877EBD1FD2A91600B99E99 /* SegmentedHeaderView.xib */; };
		C8877EC11FD2B83E00B99E99 /* SavedTrend+CoreDataClass.swift in Sources */ = {isa = PBXBuildFile; fileRef = C8877EBF1FD2B83E00B99E99 /* SavedTrend+CoreDataClass.swift */; };
		C8877EC21FD2B83E00B99E99 /* SavedTrend+CoreDataProperties.swift in Sources */ = {isa = PBXBuildFile; fileRef = C8877EC01FD2B83E00B99E99 /* SavedTrend+CoreDataProperties.swift */; };
		C895B62B1E3C0DBF00CB7D60 /* User.swift in Sources */ = {isa = PBXBuildFile; fileRef = C895B62A1E3C0DBF00CB7D60 /* User.swift */; };
		C8A74D331E3F200100C33302 /* TweetCell.xib in Resources */ = {isa = PBXBuildFile; fileRef = C8A74D321E3F200100C33302 /* TweetCell.xib */; };
		C8C211291E33CA5E00F394ED /* Client.swift in Sources */ = {isa = PBXBuildFile; fileRef = C8C211281E33CA5E00F394ED /* Client.swift */; };
		C8D5DDD51E2E0E26007ACD44 /* AppDelegate.swift in Sources */ = {isa = PBXBuildFile; fileRef = C8D5DDD41E2E0E26007ACD44 /* AppDelegate.swift */; };
		C8D5DDD71E2E0E26007ACD44 /* ViewController.swift in Sources */ = {isa = PBXBuildFile; fileRef = C8D5DDD61E2E0E26007ACD44 /* ViewController.swift */; };
		C8D5DDDA1E2E0E26007ACD44 /* Main.storyboard in Resources */ = {isa = PBXBuildFile; fileRef = C8D5DDD81E2E0E26007ACD44 /* Main.storyboard */; };
		C8D5DDDC1E2E0E26007ACD44 /* Assets.xcassets in Resources */ = {isa = PBXBuildFile; fileRef = C8D5DDDB1E2E0E26007ACD44 /* Assets.xcassets */; };
		C8D5DDDF1E2E0E26007ACD44 /* LaunchScreen.storyboard in Resources */ = {isa = PBXBuildFile; fileRef = C8D5DDDD1E2E0E26007ACD44 /* LaunchScreen.storyboard */; };
		C8DD40361FD2714300450726 /* DataModel.xcdatamodeld in Sources */ = {isa = PBXBuildFile; fileRef = C8DD40341FD2714300450726 /* DataModel.xcdatamodeld */; };
		C8DD404D1FD2910200450726 /* SegmentedView.m in Sources */ = {isa = PBXBuildFile; fileRef = C8DD404B1FD2910200450726 /* SegmentedView.m */; };
		C8DE1B3C1E3D814D003C62A4 /* ProfileImageView.swift in Sources */ = {isa = PBXBuildFile; fileRef = C8DE1B3B1E3D814D003C62A4 /* ProfileImageView.swift */; };
		C8E35AB61FD37CCB0034EA32 /* Storage.swift in Sources */ = {isa = PBXBuildFile; fileRef = C8E35AB51FD37CCB0034EA32 /* Storage.swift */; };
/* End PBXBuildFile section */

/* Begin PBXFileReference section */
		125066A14BA1A08AD1B122AE /* libPods-TwitterTrendsClient.a */ = {isa = PBXFileReference; explicitFileType = archive.ar; includeInIndex = 0; path = "libPods-TwitterTrendsClient.a"; sourceTree = BUILT_PRODUCTS_DIR; };
		74F7B6547CCDC7C6274F6652 /* Pods-TwitterTrendsClient.release.xcconfig */ = {isa = PBXFileReference; includeInIndex = 1; lastKnownFileType = text.xcconfig; name = "Pods-TwitterTrendsClient.release.xcconfig"; path = "Pods/Target Support Files/Pods-TwitterTrendsClient/Pods-TwitterTrendsClient.release.xcconfig"; sourceTree = "<group>"; };
		920CA335A8757FA9B6669FC5 /* Pods-TwitterTrendsClient.debug.xcconfig */ = {isa = PBXFileReference; includeInIndex = 1; lastKnownFileType = text.xcconfig; name = "Pods-TwitterTrendsClient.debug.xcconfig"; path = "Pods/Target Support Files/Pods-TwitterTrendsClient/Pods-TwitterTrendsClient.debug.xcconfig"; sourceTree = "<group>"; };
		C820D9F01E413DF700A19AD4 /* TrendCell.xib */ = {isa = PBXFileReference; fileEncoding = 4; lastKnownFileType = file.xib; path = TrendCell.xib; sourceTree = "<group>"; };
		C85DFB161E39AEE10097C18B /* TweetCell.swift */ = {isa = PBXFileReference; fileEncoding = 4; lastKnownFileType = sourcecode.swift; path = TweetCell.swift; sourceTree = "<group>"; };
		C870A9BF1E394A7200683EDA /* BridgeHeader.h */ = {isa = PBXFileReference; lastKnownFileType = sourcecode.c.h; path = BridgeHeader.h; sourceTree = "<group>"; };
		C870A9C01E396BF300683EDA /* TrendCell.swift */ = {isa = PBXFileReference; fileEncoding = 4; lastKnownFileType = sourcecode.swift; path = TrendCell.swift; sourceTree = "<group>"; };
		C870A9C41E39A4C800683EDA /* Tweet.swift */ = {isa = PBXFileReference; fileEncoding = 4; lastKnownFileType = sourcecode.swift; path = Tweet.swift; sourceTree = "<group>"; };
		C870A9C91E39A98100683EDA /* TweetsController.swift */ = {isa = PBXFileReference; fileEncoding = 4; lastKnownFileType = sourcecode.swift; path = TweetsController.swift; sourceTree = "<group>"; };
		C8877EB71FD297CD00B99E99 /* Trend.swift */ = {isa = PBXFileReference; lastKnownFileType = sourcecode.swift; path = Trend.swift; sourceTree = "<group>"; };
		C8877EBB1FD2A84E00B99E99 /* SegmentedHeaderView.swift */ = {isa = PBXFileReference; lastKnownFileType = sourcecode.swift; path = SegmentedHeaderView.swift; sourceTree = "<group>"; };
		C8877EBD1FD2A91600B99E99 /* SegmentedHeaderView.xib */ = {isa = PBXFileReference; lastKnownFileType = file.xib; path = SegmentedHeaderView.xib; sourceTree = "<group>"; };
		C8877EBF1FD2B83E00B99E99 /* SavedTrend+CoreDataClass.swift */ = {isa = PBXFileReference; lastKnownFileType = sourcecode.swift; name = "SavedTrend+CoreDataClass.swift"; path = "/Users/Fod/Documents/workspace2/TwitterTrendsClient/TwitterTrendsClient/SavedTrend+CoreDataClass.swift"; sourceTree = "<absolute>"; };
		C8877EC01FD2B83E00B99E99 /* SavedTrend+CoreDataProperties.swift */ = {isa = PBXFileReference; lastKnownFileType = sourcecode.swift; name = "SavedTrend+CoreDataProperties.swift"; path = "/Users/Fod/Documents/workspace2/TwitterTrendsClient/TwitterTrendsClient/SavedTrend+CoreDataProperties.swift"; sourceTree = "<absolute>"; };
		C895B62A1E3C0DBF00CB7D60 /* User.swift */ = {isa = PBXFileReference; fileEncoding = 4; lastKnownFileType = sourcecode.swift; path = User.swift; sourceTree = "<group>"; };
		C8A74D321E3F200100C33302 /* TweetCell.xib */ = {isa = PBXFileReference; fileEncoding = 4; lastKnownFileType = file.xib; path = TweetCell.xib; sourceTree = "<group>"; };
		C8C211281E33CA5E00F394ED /* Client.swift */ = {isa = PBXFileReference; fileEncoding = 4; lastKnownFileType = sourcecode.swift; path = Client.swift; sourceTree = "<group>"; };
		C8D5DDD11E2E0E26007ACD44 /* TwitterTrendsClient.app */ = {isa = PBXFileReference; explicitFileType = wrapper.application; includeInIndex = 0; path = TwitterTrendsClient.app; sourceTree = BUILT_PRODUCTS_DIR; };
		C8D5DDD41E2E0E26007ACD44 /* AppDelegate.swift */ = {isa = PBXFileReference; lastKnownFileType = sourcecode.swift; path = AppDelegate.swift; sourceTree = "<group>"; };
		C8D5DDD61E2E0E26007ACD44 /* ViewController.swift */ = {isa = PBXFileReference; lastKnownFileType = sourcecode.swift; path = ViewController.swift; sourceTree = "<group>"; };
		C8D5DDD91E2E0E26007ACD44 /* Base */ = {isa = PBXFileReference; lastKnownFileType = file.storyboard; name = Base; path = Base.lproj/Main.storyboard; sourceTree = "<group>"; };
		C8D5DDDB1E2E0E26007ACD44 /* Assets.xcassets */ = {isa = PBXFileReference; lastKnownFileType = folder.assetcatalog; path = Assets.xcassets; sourceTree = "<group>"; };
		C8D5DDDE1E2E0E26007ACD44 /* Base */ = {isa = PBXFileReference; lastKnownFileType = file.storyboard; name = Base; path = Base.lproj/LaunchScreen.storyboard; sourceTree = "<group>"; };
		C8D5DDE01E2E0E26007ACD44 /* Info.plist */ = {isa = PBXFileReference; lastKnownFileType = text.plist.xml; path = Info.plist; sourceTree = "<group>"; };
		C8DD40351FD2714300450726 /* DataModel.xcdatamodel */ = {isa = PBXFileReference; lastKnownFileType = wrapper.xcdatamodel; path = DataModel.xcdatamodel; sourceTree = "<group>"; };
		C8DD404B1FD2910200450726 /* SegmentedView.m */ = {isa = PBXFileReference; lastKnownFileType = sourcecode.c.objc; path = SegmentedView.m; sourceTree = "<group>"; };
		C8DD404C1FD2910200450726 /* SegmentedView.h */ = {isa = PBXFileReference; lastKnownFileType = sourcecode.c.h; path = SegmentedView.h; sourceTree = "<group>"; };
		C8DE1B3B1E3D814D003C62A4 /* ProfileImageView.swift */ = {isa = PBXFileReference; fileEncoding = 4; lastKnownFileType = sourcecode.swift; path = ProfileImageView.swift; sourceTree = "<group>"; };
		C8E35AB51FD37CCB0034EA32 /* Storage.swift */ = {isa = PBXFileReference; lastKnownFileType = sourcecode.swift; path = Storage.swift; sourceTree = "<group>"; };
/* End PBXFileReference section */

/* Begin PBXFrameworksBuildPhase section */
		C8D5DDCE1E2E0E26007ACD44 /* Frameworks */ = {
			isa = PBXFrameworksBuildPhase;
			buildActionMask = 2147483647;
			files = (
				802108B8E372E352EFB89D4B /* libPods-TwitterTrendsClient.a in Frameworks */,
			);
			runOnlyForDeploymentPostprocessing = 0;
		};
/* End PBXFrameworksBuildPhase section */

/* Begin PBXGroup section */
		C2FA19AC8D458C45A909E246 /* Frameworks */ = {
			isa = PBXGroup;
			children = (
				125066A14BA1A08AD1B122AE /* libPods-TwitterTrendsClient.a */,
			);
			name = Frameworks;
			sourceTree = "<group>";
		};
		C870A9C61E39A4D800683EDA /* Model */ = {
			isa = PBXGroup;
			children = (
				C8877EB71FD297CD00B99E99 /* Trend.swift */,
				C870A9C41E39A4C800683EDA /* Tweet.swift */,
				C895B62A1E3C0DBF00CB7D60 /* User.swift */,
				C8877EBF1FD2B83E00B99E99 /* SavedTrend+CoreDataClass.swift */,
				C8877EC01FD2B83E00B99E99 /* SavedTrend+CoreDataProperties.swift */,
			);
			name = Model;
			sourceTree = "<group>";
		};
		C870A9C71E39A50D00683EDA /* Cells */ = {
			isa = PBXGroup;
			children = (
				C870A9C01E396BF300683EDA /* TrendCell.swift */,
				C820D9F01E413DF700A19AD4 /* TrendCell.xib */,
				C85DFB161E39AEE10097C18B /* TweetCell.swift */,
				C8A74D321E3F200100C33302 /* TweetCell.xib */,
			);
			name = Cells;
			sourceTree = "<group>";
		};
		C870A9C81E39A51A00683EDA /* ViewControllers */ = {
			isa = PBXGroup;
			children = (
				C8D5DDD61E2E0E26007ACD44 /* ViewController.swift */,
				C870A9C91E39A98100683EDA /* TweetsController.swift */,
			);
			name = ViewControllers;
			sourceTree = "<group>";
		};
		C895B6291E3C09E500CB7D60 /* UIComponents */ = {
			isa = PBXGroup;
			children = (
				C8DD404C1FD2910200450726 /* SegmentedView.h */,
				C8DD404B1FD2910200450726 /* SegmentedView.m */,
				C8877EBB1FD2A84E00B99E99 /* SegmentedHeaderView.swift */,
				C8877EBD1FD2A91600B99E99 /* SegmentedHeaderView.xib */,
				C8DE1B3B1E3D814D003C62A4 /* ProfileImageView.swift */,
			);
			name = UIComponents;
			sourceTree = "<group>";
		};
		C8D5DDC81E2E0E26007ACD44 = {
			isa = PBXGroup;
			children = (
				C8D5DDD31E2E0E26007ACD44 /* TwitterTrendsClient */,
				C8D5DDD21E2E0E26007ACD44 /* Products */,
				D12F4CD2DE1505C22893C579 /* Pods */,
				C2FA19AC8D458C45A909E246 /* Frameworks */,
			);
			sourceTree = "<group>";
		};
		C8D5DDD21E2E0E26007ACD44 /* Products */ = {
			isa = PBXGroup;
			children = (
				C8D5DDD11E2E0E26007ACD44 /* TwitterTrendsClient.app */,
			);
			name = Products;
			sourceTree = "<group>";
		};
		C8D5DDD31E2E0E26007ACD44 /* TwitterTrendsClient */ = {
			isa = PBXGroup;
			children = (
				C8D5DDD41E2E0E26007ACD44 /* AppDelegate.swift */,
				C8C211281E33CA5E00F394ED /* Client.swift */,
				C8E35AB51FD37CCB0034EA32 /* Storage.swift */,
				C870A9C81E39A51A00683EDA /* ViewControllers */,
				C870A9C71E39A50D00683EDA /* Cells */,
				C870A9C61E39A4D800683EDA /* Model */,
				C895B6291E3C09E500CB7D60 /* UIComponents */,
				C8D5DDD81E2E0E26007ACD44 /* Main.storyboard */,
				C8DD40341FD2714300450726 /* DataModel.xcdatamodeld */,
				C8D5DDDB1E2E0E26007ACD44 /* Assets.xcassets */,
				C8D5DDDD1E2E0E26007ACD44 /* LaunchScreen.storyboard */,
				C8D5DDE01E2E0E26007ACD44 /* Info.plist */,
				C870A9BF1E394A7200683EDA /* BridgeHeader.h */,
			);
			path = TwitterTrendsClient;
			sourceTree = "<group>";
		};
		D12F4CD2DE1505C22893C579 /* Pods */ = {
			isa = PBXGroup;
			children = (
				920CA335A8757FA9B6669FC5 /* Pods-TwitterTrendsClient.debug.xcconfig */,
				74F7B6547CCDC7C6274F6652 /* Pods-TwitterTrendsClient.release.xcconfig */,
			);
			name = Pods;
			sourceTree = "<group>";
		};
/* End PBXGroup section */

/* Begin PBXNativeTarget section */
		C8D5DDD01E2E0E26007ACD44 /* TwitterTrendsClient */ = {
			isa = PBXNativeTarget;
			buildConfigurationList = C8D5DDE31E2E0E26007ACD44 /* Build configuration list for PBXNativeTarget "TwitterTrendsClient" */;
			buildPhases = (
				2F105EC06612D9A2D636EA05 /* [CP] Check Pods Manifest.lock */,
				C8D5DDCD1E2E0E26007ACD44 /* Sources */,
				C8D5DDCE1E2E0E26007ACD44 /* Frameworks */,
				C8D5DDCF1E2E0E26007ACD44 /* Resources */,
				78EE1D88DB91C2E181CE609B /* [CP] Embed Pods Frameworks */,
				547DDEE73D8FCBB3D31C71AF /* [CP] Copy Pods Resources */,
			);
			buildRules = (
			);
			dependencies = (
			);
			name = TwitterTrendsClient;
			productName = TwitterTrendsClient;
			productReference = C8D5DDD11E2E0E26007ACD44 /* TwitterTrendsClient.app */;
			productType = "com.apple.product-type.application";
		};
/* End PBXNativeTarget section */

/* Begin PBXProject section */
		C8D5DDC91E2E0E26007ACD44 /* Project object */ = {
			isa = PBXProject;
			attributes = {
				LastSwiftUpdateCheck = 0800;
				LastUpgradeCheck = 0800;
				ORGANIZATIONNAME = frankszs;
				TargetAttributes = {
					C8D5DDD01E2E0E26007ACD44 = {
						CreatedOnToolsVersion = 8.0;
						DevelopmentTeam = FVL67XJLZ2;
						ProvisioningStyle = Automatic;
					};
				};
			};
			buildConfigurationList = C8D5DDCC1E2E0E26007ACD44 /* Build configuration list for PBXProject "TwitterTrendsClient" */;
			compatibilityVersion = "Xcode 3.2";
			developmentRegion = English;
			hasScannedForEncodings = 0;
			knownRegions = (
				en,
				Base,
			);
			mainGroup = C8D5DDC81E2E0E26007ACD44;
			productRefGroup = C8D5DDD21E2E0E26007ACD44 /* Products */;
			projectDirPath = "";
			projectRoot = "";
			targets = (
				C8D5DDD01E2E0E26007ACD44 /* TwitterTrendsClient */,
			);
		};
/* End PBXProject section */

/* Begin PBXResourcesBuildPhase section */
		C8D5DDCF1E2E0E26007ACD44 /* Resources */ = {
			isa = PBXResourcesBuildPhase;
			buildActionMask = 2147483647;
			files = (
				C8D5DDDF1E2E0E26007ACD44 /* LaunchScreen.storyboard in Resources */,
				C820D9F11E413DF700A19AD4 /* TrendCell.xib in Resources */,
				C8877EBE1FD2A91600B99E99 /* SegmentedHeaderView.xib in Resources */,
				C8D5DDDC1E2E0E26007ACD44 /* Assets.xcassets in Resources */,
				C8D5DDDA1E2E0E26007ACD44 /* Main.storyboard in Resources */,
				C8A74D331E3F200100C33302 /* TweetCell.xib in Resources */,
			);
			runOnlyForDeploymentPostprocessing = 0;
		};
/* End PBXResourcesBuildPhase section */

/* Begin PBXShellScriptBuildPhase section */
		2F105EC06612D9A2D636EA05 /* [CP] Check Pods Manifest.lock */ = {
			isa = PBXShellScriptBuildPhase;
			buildActionMask = 2147483647;
			files = (
			);
			inputPaths = (
			);
			name = "[CP] Check Pods Manifest.lock";
			outputPaths = (
			);
			runOnlyForDeploymentPostprocessing = 0;
			shellPath = /bin/sh;
			shellScript = "diff \"${PODS_ROOT}/../Podfile.lock\" \"${PODS_ROOT}/Manifest.lock\" > /dev/null\nif [ $? != 0 ] ; then\n    # print error to STDERR\n    echo \"error: The sandbox is not in sync with the Podfile.lock. Run 'pod install' or update your CocoaPods installation.\" >&2\n    exit 1\nfi\n";
			showEnvVarsInLog = 0;
		};
		547DDEE73D8FCBB3D31C71AF /* [CP] Copy Pods Resources */ = {
			isa = PBXShellScriptBuildPhase;
			buildActionMask = 2147483647;
			files = (
			);
			inputPaths = (
			);
			name = "[CP] Copy Pods Resources";
			outputPaths = (
			);
			runOnlyForDeploymentPostprocessing = 0;
			shellPath = /bin/sh;
			shellScript = "\"${SRCROOT}/Pods/Target Support Files/Pods-TwitterTrendsClient/Pods-TwitterTrendsClient-resources.sh\"\n";
			showEnvVarsInLog = 0;
		};
		78EE1D88DB91C2E181CE609B /* [CP] Embed Pods Frameworks */ = {
			isa = PBXShellScriptBuildPhase;
			buildActionMask = 2147483647;
			files = (
			);
			inputPaths = (
			);
			name = "[CP] Embed Pods Frameworks";
			outputPaths = (
			);
			runOnlyForDeploymentPostprocessing = 0;
			shellPath = /bin/sh;
			shellScript = "\"${SRCROOT}/Pods/Target Support Files/Pods-TwitterTrendsClient/Pods-TwitterTrendsClient-frameworks.sh\"\n";
			showEnvVarsInLog = 0;
		};
/* End PBXShellScriptBuildPhase section */

/* Begin PBXSourcesBuildPhase section */
		C8D5DDCD1E2E0E26007ACD44 /* Sources */ = {
			isa = PBXSourcesBuildPhase;
			buildActionMask = 2147483647;
			files = (
				C8D5DDD71E2E0E26007ACD44 /* ViewController.swift in Sources */,
				C8877EC21FD2B83E00B99E99 /* SavedTrend+CoreDataProperties.swift in Sources */,
				C8877EC11FD2B83E00B99E99 /* SavedTrend+CoreDataClass.swift in Sources */,
				C8DD404D1FD2910200450726 /* SegmentedView.m in Sources */,
				C8877EB81FD297CE00B99E99 /* Trend.swift in Sources */,
				C870A9CA1E39A98100683EDA /* TweetsController.swift in Sources */,
				C8877EBC1FD2A84E00B99E99 /* SegmentedHeaderView.swift in Sources */,
				C8DE1B3C1E3D814D003C62A4 /* ProfileImageView.swift in Sources */,
				C8D5DDD51E2E0E26007ACD44 /* AppDelegate.swift in Sources */,
				C85DFB171E39AEE10097C18B /* TweetCell.swift in Sources */,
				C870A9C51E39A4C800683EDA /* Tweet.swift in Sources */,
				C8C211291E33CA5E00F394ED /* Client.swift in Sources */,
				C8DD40361FD2714300450726 /* DataModel.xcdatamodeld in Sources */,
				C895B62B1E3C0DBF00CB7D60 /* User.swift in Sources */,
				C8E35AB61FD37CCB0034EA32 /* Storage.swift in Sources */,
				C870A9C11E396BF300683EDA /* TrendCell.swift in Sources */,
			);
			runOnlyForDeploymentPostprocessing = 0;
		};
/* End PBXSourcesBuildPhase section */

/* Begin PBXVariantGroup section */
		C8D5DDD81E2E0E26007ACD44 /* Main.storyboard */ = {
			isa = PBXVariantGroup;
			children = (
				C8D5DDD91E2E0E26007ACD44 /* Base */,
			);
			name = Main.storyboard;
			sourceTree = "<group>";
		};
		C8D5DDDD1E2E0E26007ACD44 /* LaunchScreen.storyboard */ = {
			isa = PBXVariantGroup;
			children = (
				C8D5DDDE1E2E0E26007ACD44 /* Base */,
			);
			name = LaunchScreen.storyboard;
			sourceTree = "<group>";
		};
/* End PBXVariantGroup section */

/* Begin XCBuildConfiguration section */
		C8D5DDE11E2E0E26007ACD44 /* Debug */ = {
			isa = XCBuildConfiguration;
			buildSettings = {
				ALWAYS_SEARCH_USER_PATHS = NO;
				CLANG_ANALYZER_NONNULL = YES;
				CLANG_CXX_LANGUAGE_STANDARD = "gnu++0x";
				CLANG_CXX_LIBRARY = "libc++";
				CLANG_ENABLE_MODULES = YES;
				CLANG_ENABLE_OBJC_ARC = YES;
				CLANG_WARN_BOOL_CONVERSION = YES;
				CLANG_WARN_CONSTANT_CONVERSION = YES;
				CLANG_WARN_DIRECT_OBJC_ISA_USAGE = YES_ERROR;
				CLANG_WARN_DOCUMENTATION_COMMENTS = YES;
				CLANG_WARN_EMPTY_BODY = YES;
				CLANG_WARN_ENUM_CONVERSION = YES;
				CLANG_WARN_INFINITE_RECURSION = YES;
				CLANG_WARN_INT_CONVERSION = YES;
				CLANG_WARN_OBJC_ROOT_CLASS = YES_ERROR;
				CLANG_WARN_SUSPICIOUS_MOVE = YES;
				CLANG_WARN_SUSPICIOUS_MOVES = YES;
				CLANG_WARN_UNREACHABLE_CODE = YES;
				CLANG_WARN__DUPLICATE_METHOD_MATCH = YES;
				"CODE_SIGN_IDENTITY[sdk=iphoneos*]" = "iPhone Developer";
				COPY_PHASE_STRIP = NO;
				DEBUG_INFORMATION_FORMAT = dwarf;
				ENABLE_STRICT_OBJC_MSGSEND = YES;
				ENABLE_TESTABILITY = YES;
				GCC_C_LANGUAGE_STANDARD = gnu99;
				GCC_DYNAMIC_NO_PIC = NO;
				GCC_NO_COMMON_BLOCKS = YES;
				GCC_OPTIMIZATION_LEVEL = 0;
				GCC_PREPROCESSOR_DEFINITIONS = (
					"DEBUG=1",
					"$(inherited)",
				);
				GCC_WARN_64_TO_32_BIT_CONVERSION = YES;
				GCC_WARN_ABOUT_RETURN_TYPE = YES_ERROR;
				GCC_WARN_UNDECLARED_SELECTOR = YES;
				GCC_WARN_UNINITIALIZED_AUTOS = YES_AGGRESSIVE;
				GCC_WARN_UNUSED_FUNCTION = YES;
				GCC_WARN_UNUSED_VARIABLE = YES;
				IPHONEOS_DEPLOYMENT_TARGET = 11.0;
				MTL_ENABLE_DEBUG_INFO = YES;
				ONLY_ACTIVE_ARCH = YES;
				SDKROOT = iphoneos;
				SWIFT_ACTIVE_COMPILATION_CONDITIONS = DEBUG;
				SWIFT_OPTIMIZATION_LEVEL = "-Onone";
				TARGETED_DEVICE_FAMILY = "1,2";
			};
			name = Debug;
		};
		C8D5DDE21E2E0E26007ACD44 /* Release */ = {
			isa = XCBuildConfiguration;
			buildSettings = {
				ALWAYS_SEARCH_USER_PATHS = NO;
				CLANG_ANALYZER_NONNULL = YES;
				CLANG_CXX_LANGUAGE_STANDARD = "gnu++0x";
				CLANG_CXX_LIBRARY = "libc++";
				CLANG_ENABLE_MODULES = YES;
				CLANG_ENABLE_OBJC_ARC = YES;
				CLANG_WARN_BOOL_CONVERSION = YES;
				CLANG_WARN_CONSTANT_CONVERSION = YES;
				CLANG_WARN_DIRECT_OBJC_ISA_USAGE = YES_ERROR;
				CLANG_WARN_DOCUMENTATION_COMMENTS = YES;
				CLANG_WARN_EMPTY_BODY = YES;
				CLANG_WARN_ENUM_CONVERSION = YES;
				CLANG_WARN_INFINITE_RECURSION = YES;
				CLANG_WARN_INT_CONVERSION = YES;
				CLANG_WARN_OBJC_ROOT_CLASS = YES_ERROR;
				CLANG_WARN_SUSPICIOUS_MOVE = YES;
				CLANG_WARN_SUSPICIOUS_MOVES = YES;
				CLANG_WARN_UNREACHABLE_CODE = YES;
				CLANG_WARN__DUPLICATE_METHOD_MATCH = YES;
				"CODE_SIGN_IDENTITY[sdk=iphoneos*]" = "iPhone Developer";
				COPY_PHASE_STRIP = NO;
				DEBUG_INFORMATION_FORMAT = "dwarf-with-dsym";
				ENABLE_NS_ASSERTIONS = NO;
				ENABLE_STRICT_OBJC_MSGSEND = YES;
				GCC_C_LANGUAGE_STANDARD = gnu99;
				GCC_NO_COMMON_BLOCKS = YES;
				GCC_WARN_64_TO_32_BIT_CONVERSION = YES;
				GCC_WARN_ABOUT_RETURN_TYPE = YES_ERROR;
				GCC_WARN_UNDECLARED_SELECTOR = YES;
				GCC_WARN_UNINITIALIZED_AUTOS = YES_AGGRESSIVE;
				GCC_WARN_UNUSED_FUNCTION = YES;
				GCC_WARN_UNUSED_VARIABLE = YES;
				IPHONEOS_DEPLOYMENT_TARGET = 11.0;
				MTL_ENABLE_DEBUG_INFO = NO;
				SDKROOT = iphoneos;
				SWIFT_OPTIMIZATION_LEVEL = "-Owholemodule";
				TARGETED_DEVICE_FAMILY = "1,2";
				VALIDATE_PRODUCT = YES;
			};
			name = Release;
		};
		C8D5DDE41E2E0E26007ACD44 /* Debug */ = {
			isa = XCBuildConfiguration;
			baseConfigurationReference = 920CA335A8757FA9B6669FC5 /* Pods-TwitterTrendsClient.debug.xcconfig */;
			buildSettings = {
				ASSETCATALOG_COMPILER_APPICON_NAME = AppIcon;
				DEVELOPMENT_TEAM = FVL67XJLZ2;
				INFOPLIST_FILE = TwitterTrendsClient/Info.plist;
				IPHONEOS_DEPLOYMENT_TARGET = 11.0;
				LD_RUNPATH_SEARCH_PATHS = "$(inherited) @executable_path/Frameworks";
				PRODUCT_BUNDLE_IDENTIFIER = frankszs.net.TwitterTrendsClient;
				PRODUCT_NAME = "$(TARGET_NAME)";
				SWIFT_OBJC_BRIDGING_HEADER = TwitterTrendsClient/BridgeHeader.h;
				SWIFT_VERSION = 3.0;
			};
			name = Debug;
		};
		C8D5DDE51E2E0E26007ACD44 /* Release */ = {
			isa = XCBuildConfiguration;
			baseConfigurationReference = 74F7B6547CCDC7C6274F6652 /* Pods-TwitterTrendsClient.release.xcconfig */;
			buildSettings = {
				ASSETCATALOG_COMPILER_APPICON_NAME = AppIcon;
				DEVELOPMENT_TEAM = FVL67XJLZ2;
				INFOPLIST_FILE = TwitterTrendsClient/Info.plist;
				IPHONEOS_DEPLOYMENT_TARGET = 11.0;
				LD_RUNPATH_SEARCH_PATHS = "$(inherited) @executable_path/Frameworks";
				PRODUCT_BUNDLE_IDENTIFIER = frankszs.net.TwitterTrendsClient;
				PRODUCT_NAME = "$(TARGET_NAME)";
				SWIFT_OBJC_BRIDGING_HEADER = TwitterTrendsClient/BridgeHeader.h;
				SWIFT_VERSION = 3.0;
			};
			name = Release;
		};
/* End XCBuildConfiguration section */

/* Begin XCConfigurationList section */
		C8D5DDCC1E2E0E26007ACD44 /* Build configuration list for PBXProject "TwitterTrendsClient" */ = {
			isa = XCConfigurationList;
			buildConfigurations = (
				C8D5DDE11E2E0E26007ACD44 /* Debug */,
				C8D5DDE21E2E0E26007ACD44 /* Release */,
			);
			defaultConfigurationIsVisible = 0;
			defaultConfigurationName = Release;
		};
		C8D5DDE31E2E0E26007ACD44 /* Build configuration list for PBXNativeTarget "TwitterTrendsClient" */ = {
			isa = XCConfigurationList;
			buildConfigurations = (
				C8D5DDE41E2E0E26007ACD44 /* Debug */,
				C8D5DDE51E2E0E26007ACD44 /* Release */,
			);
			defaultConfigurationIsVisible = 0;
			defaultConfigurationName = Release;
		};
/* End XCConfigurationList section */

/* Begin XCVersionGroup section */
		C8DD40341FD2714300450726 /* DataModel.xcdatamodeld */ = {
			isa = XCVersionGroup;
			children = (
				C8DD40351FD2714300450726 /* DataModel.xcdatamodel */,
			);
			currentVersion = C8DD40351FD2714300450726 /* DataModel.xcdatamodel */;
			path = DataModel.xcdatamodeld;
			sourceTree = "<group>";
			versionGroupType = wrapper.xcdatamodel;
		};
/* End XCVersionGroup section */
	};
	rootObject = C8D5DDC91E2E0E26007ACD44 /* Project object */;
}
